
Microsoft Visual Studio Solution File, Format Version 12.00
# Visual Studio 15
VisualStudioVersion = 15.0.28010.2003
MinimumVisualStudioVersion = 10.0.40219.1
Project("{FAE04EC0-301F-11D3-BF4B-00C04F79EFBC}") = "ComapnyWebApi", "WebApplication4\ComapnyWebApi.csproj", "{57C53457-AEA5-4436-802D-F41F19F7C804}"
EndProject
Global
	GlobalSection(SolutionConfigurationPlatforms) = preSolution
		Debug|Any CPU = Debug|Any CPU
		Release|Any CPU = Release|Any CPU
	EndGlobalSection
	GlobalSection(ProjectConfigurationPlatforms) = postSolution
		{57C53457-AEA5-4436-802D-F41F19F7C804}.Debug|Any CPU.ActiveCfg = Debug|Any CPU
		{57C53457-AEA5-4436-802D-F41F19F7C804}.Debug|Any CPU.Build.0 = Debug|Any CPU
		{57C53457-AEA5-4436-802D-F41F19F7C804}.Release|Any CPU.ActiveCfg = Release|Any CPU
		{57C53457-AEA5-4436-802D-F41F19F7C804}.Release|Any CPU.Build.0 = Release|Any CPU
	EndGlobalSection
	GlobalSection(SolutionProperties) = preSolution
		HideSolutionNode = FALSE
	EndGlobalSection
	GlobalSection(ExtensibilityGlobals) = postSolution
		SolutionGuid = {4447CD06-DC7E-4403-87B2-B949CAC8BFD7}
	EndGlobalSection
EndGlobal
